
Microsoft Visual Studio Solution File, Format Version 12.00
# Visual Studio Version 17
VisualStudioVersion = 17.1.32228.430
MinimumVisualStudioVersion = 10.0.40219.1
Project("{FAE04EC0-301F-11D3-BF4B-00C04F79EFBC}") = "go_rpc", "go_rpc\go_rpc.csproj", "{60E6ED4F-4846-4398-80EA-C573CCE284AA}"
EndProject
Global
	GlobalSection(SolutionConfigurationPlatforms) = preSolution
		Debug|Any CPU = Debug|Any CPU
		Release|Any CPU = Release|Any CPU
	EndGlobalSection
	GlobalSection(ProjectConfigurationPlatforms) = postSolution
		{60E6ED4F-4846-4398-80EA-C573CCE284AA}.Debug|Any CPU.ActiveCfg = Debug|Any CPU
		{60E6ED4F-4846-4398-80EA-C573CCE284AA}.Debug|Any CPU.Build.0 = Debug|Any CPU
		{60E6ED4F-4846-4398-80EA-C573CCE284AA}.Release|Any CPU.ActiveCfg = Release|Any CPU
		{60E6ED4F-4846-4398-80EA-C573CCE284AA}.Release|Any CPU.Build.0 = Release|Any CPU
	EndGlobalSection
	GlobalSection(SolutionProperties) = preSolution
		HideSolutionNode = FALSE
	EndGlobalSection
	GlobalSection(ExtensibilityGlobals) = postSolution
		SolutionGuid = {5F5A0A7C-2971-43FE-9BD9-3541D3DA5D71}
	EndGlobalSection
EndGlobal
